
Microsoft Visual Studio Solution File, Format Version 12.00
# Visual Studio Version 17
VisualStudioVersion = 17.14.36414.22 d17.14
MinimumVisualStudioVersion = 10.0.40219.1
Project("{FAE04EC0-301F-11D3-BF4B-00C04F79EFBC}") = "ReservaEN", "ReservaEN\ReservaEN.csproj", "{A493D0E3-55C6-40F2-9BD9-1C24DD55C2EF}"
EndProject
Project("{FAE04EC0-301F-11D3-BF4B-00C04F79EFBC}") = "ReservaDAL", "ReservaDAL\ReservaDAL.csproj", "{C4A22B16-D013-4974-8713-2579B301D477}"
EndProject
Project("{FAE04EC0-301F-11D3-BF4B-00C04F79EFBC}") = "ReservaBL", "ReservaBL\ReservaBL.csproj", "{5318F73F-5E2D-4C39-95FB-BA408AB8C392}"
EndProject
Project("{FAE04EC0-301F-11D3-BF4B-00C04F79EFBC}") = "ReservaUI", "ReservaUI\ReservaUI.csproj", "{E8AD02D5-A402-457C-9A42-FA82C7D55C9D}"
EndProject
Global
	GlobalSection(SolutionConfigurationPlatforms) = preSolution
		Debug|Any CPU = Debug|Any CPU
		Release|Any CPU = Release|Any CPU
	EndGlobalSection
	GlobalSection(ProjectConfigurationPlatforms) = postSolution
		{A493D0E3-55C6-40F2-9BD9-1C24DD55C2EF}.Debug|Any CPU.ActiveCfg = Debug|Any CPU
		{A493D0E3-55C6-40F2-9BD9-1C24DD55C2EF}.Debug|Any CPU.Build.0 = Debug|Any CPU
		{A493D0E3-55C6-40F2-9BD9-1C24DD55C2EF}.Release|Any CPU.ActiveCfg = Release|Any CPU
		{A493D0E3-55C6-40F2-9BD9-1C24DD55C2EF}.Release|Any CPU.Build.0 = Release|Any CPU
		{C4A22B16-D013-4974-8713-2579B301D477}.Debug|Any CPU.ActiveCfg = Debug|Any CPU
		{C4A22B16-D013-4974-8713-2579B301D477}.Debug|Any CPU.Build.0 = Debug|Any CPU
		{C4A22B16-D013-4974-8713-2579B301D477}.Release|Any CPU.ActiveCfg = Release|Any CPU
		{C4A22B16-D013-4974-8713-2579B301D477}.Release|Any CPU.Build.0 = Release|Any CPU
		{5318F73F-5E2D-4C39-95FB-BA408AB8C392}.Debug|Any CPU.ActiveCfg = Debug|Any CPU
		{5318F73F-5E2D-4C39-95FB-BA408AB8C392}.Debug|Any CPU.Build.0 = Debug|Any CPU
		{5318F73F-5E2D-4C39-95FB-BA408AB8C392}.Release|Any CPU.ActiveCfg = Release|Any CPU
		{5318F73F-5E2D-4C39-95FB-BA408AB8C392}.Release|Any CPU.Build.0 = Release|Any CPU
		{E8AD02D5-A402-457C-9A42-FA82C7D55C9D}.Debug|Any CPU.ActiveCfg = Debug|Any CPU
		{E8AD02D5-A402-457C-9A42-FA82C7D55C9D}.Debug|Any CPU.Build.0 = Debug|Any CPU
		{E8AD02D5-A402-457C-9A42-FA82C7D55C9D}.Release|Any CPU.ActiveCfg = Release|Any CPU
		{E8AD02D5-A402-457C-9A42-FA82C7D55C9D}.Release|Any CPU.Build.0 = Release|Any CPU
	EndGlobalSection
	GlobalSection(SolutionProperties) = preSolution
		HideSolutionNode = FALSE
	EndGlobalSection
	GlobalSection(ExtensibilityGlobals) = postSolution
		SolutionGuid = {23A07BC4-FAC6-46F9-90C9-B1246FE6A7B9}
	EndGlobalSection
EndGlobal
